// !$*UTF8*$!
{
	archiveVersion = 1;
	classes = {
	};
	objectVersion = 46;
	objects = {

/* Begin PBXBuildFile section */
		A9596ACC1A17E8C9002CD1D7 /* main.m in Sources */ = {isa = PBXBuildFile; fileRef = A9596ACB1A17E8C9002CD1D7 /* main.m */; };
		A9596ACF1A17E8C9002CD1D7 /* AppDelegate.m in Sources */ = {isa = PBXBuildFile; fileRef = A9596ACE1A17E8C9002CD1D7 /* AppDelegate.m */; };
		A9596AD51A17E8C9002CD1D7 /* Main.storyboard in Resources */ = {isa = PBXBuildFile; fileRef = A9596AD31A17E8C9002CD1D7 /* Main.storyboard */; };
		A9596AD71A17E8C9002CD1D7 /* Images.xcassets in Resources */ = {isa = PBXBuildFile; fileRef = A9596AD61A17E8C9002CD1D7 /* Images.xcassets */; };
		A9596ADA1A17E8C9002CD1D7 /* LaunchScreen.xib in Resources */ = {isa = PBXBuildFile; fileRef = A9596AD81A17E8C9002CD1D7 /* LaunchScreen.xib */; };
		A9596AE61A17E8C9002CD1D7 /* Google_API_BossTests.m in Sources */ = {isa = PBXBuildFile; fileRef = A9596AE51A17E8C9002CD1D7 /* Google_API_BossTests.m */; };
		A9596AF21A17EC05002CD1D7 /* APIViewController.m in Sources */ = {isa = PBXBuildFile; fileRef = A9596AF01A17EC05002CD1D7 /* APIViewController.m */; };
		A9596AF31A17EC05002CD1D7 /* APIViewController.xib in Resources */ = {isa = PBXBuildFile; fileRef = A9596AF11A17EC05002CD1D7 /* APIViewController.xib */; };
		A9596AF71A17EC4F002CD1D7 /* SearchViewController.m in Sources */ = {isa = PBXBuildFile; fileRef = A9596AF51A17EC4F002CD1D7 /* SearchViewController.m */; };
		A9596AF81A17EC4F002CD1D7 /* SearchViewController.xib in Resources */ = {isa = PBXBuildFile; fileRef = A9596AF61A17EC4F002CD1D7 /* SearchViewController.xib */; };
		A9596AFC1A17EC99002CD1D7 /* AllAPIViewController.m in Sources */ = {isa = PBXBuildFile; fileRef = A9596AFA1A17EC99002CD1D7 /* AllAPIViewController.m */; };
		A9596AFD1A17EC99002CD1D7 /* AllAPIViewController.xib in Resources */ = {isa = PBXBuildFile; fileRef = A9596AFB1A17EC99002CD1D7 /* AllAPIViewController.xib */; };
		BD9334731A17F189000EA22F /* ViewController.swift in Sources */ = {isa = PBXBuildFile; fileRef = BD9334711A17F189000EA22F /* ViewController.swift */; };
		BD9334741A17F189000EA22F /* ViewController.xib in Resources */ = {isa = PBXBuildFile; fileRef = BD9334721A17F189000EA22F /* ViewController.xib */; };
		BD9334761A180046000EA22F /* BaseTableViewController.swift in Sources */ = {isa = PBXBuildFile; fileRef = BD9334751A180046000EA22F /* BaseTableViewController.swift */; };
		BD9334781A180334000EA22F /* MainTableViewController.swift in Sources */ = {isa = PBXBuildFile; fileRef = BD9334771A180334000EA22F /* MainTableViewController.swift */; };
		BD93347A1A180379000EA22F /* ResultsTableController.swift in Sources */ = {isa = PBXBuildFile; fileRef = BD9334791A180379000EA22F /* ResultsTableController.swift */; };
		BD93347C1A180723000EA22F /* GoogleAPI.swift in Sources */ = {isa = PBXBuildFile; fileRef = BD93347B1A180723000EA22F /* GoogleAPI.swift */; };
/* End PBXBuildFile section */

/* Begin PBXContainerItemProxy section */
		A9596AE01A17E8C9002CD1D7 /* PBXContainerItemProxy */ = {
			isa = PBXContainerItemProxy;
			containerPortal = A9596ABE1A17E8C8002CD1D7 /* Project object */;
			proxyType = 1;
			remoteGlobalIDString = A9596AC51A17E8C9002CD1D7;
			remoteInfo = "Google API Boss";
		};
/* End PBXContainerItemProxy section */

/* Begin PBXFileReference section */
		A9596AC61A17E8C9002CD1D7 /* Google API Boss.app */ = {isa = PBXFileReference; explicitFileType = wrapper.application; includeInIndex = 0; path = "Google API Boss.app"; sourceTree = BUILT_PRODUCTS_DIR; };
		A9596ACA1A17E8C9002CD1D7 /* Info.plist */ = {isa = PBXFileReference; lastKnownFileType = text.plist.xml; path = Info.plist; sourceTree = "<group>"; };
		A9596ACB1A17E8C9002CD1D7 /* main.m */ = {isa = PBXFileReference; lastKnownFileType = sourcecode.c.objc; path = main.m; sourceTree = "<group>"; };
		A9596ACD1A17E8C9002CD1D7 /* AppDelegate.h */ = {isa = PBXFileReference; lastKnownFileType = sourcecode.c.h; path = AppDelegate.h; sourceTree = "<group>"; };
		A9596ACE1A17E8C9002CD1D7 /* AppDelegate.m */ = {isa = PBXFileReference; lastKnownFileType = sourcecode.c.objc; path = AppDelegate.m; sourceTree = "<group>"; };
		A9596AD41A17E8C9002CD1D7 /* Base */ = {isa = PBXFileReference; lastKnownFileType = file.storyboard; name = Base; path = Base.lproj/Main.storyboard; sourceTree = "<group>"; };
		A9596AD61A17E8C9002CD1D7 /* Images.xcassets */ = {isa = PBXFileReference; lastKnownFileType = folder.assetcatalog; path = Images.xcassets; sourceTree = "<group>"; };
		A9596AD91A17E8C9002CD1D7 /* Base */ = {isa = PBXFileReference; lastKnownFileType = file.xib; name = Base; path = Base.lproj/LaunchScreen.xib; sourceTree = "<group>"; };
		A9596ADF1A17E8C9002CD1D7 /* Google API BossTests.xctest */ = {isa = PBXFileReference; explicitFileType = wrapper.cfbundle; includeInIndex = 0; path = "Google API BossTests.xctest"; sourceTree = BUILT_PRODUCTS_DIR; };
		A9596AE41A17E8C9002CD1D7 /* Info.plist */ = {isa = PBXFileReference; lastKnownFileType = text.plist.xml; path = Info.plist; sourceTree = "<group>"; };
		A9596AE51A17E8C9002CD1D7 /* Google_API_BossTests.m */ = {isa = PBXFileReference; lastKnownFileType = sourcecode.c.objc; path = Google_API_BossTests.m; sourceTree = "<group>"; };
		A9596AEF1A17EC05002CD1D7 /* APIViewController.h */ = {isa = PBXFileReference; fileEncoding = 4; lastKnownFileType = sourcecode.c.h; path = APIViewController.h; sourceTree = "<group>"; };
		A9596AF01A17EC05002CD1D7 /* APIViewController.m */ = {isa = PBXFileReference; fileEncoding = 4; lastKnownFileType = sourcecode.c.objc; path = APIViewController.m; sourceTree = "<group>"; };
		A9596AF11A17EC05002CD1D7 /* APIViewController.xib */ = {isa = PBXFileReference; fileEncoding = 4; lastKnownFileType = file.xib; path = APIViewController.xib; sourceTree = "<group>"; };
		A9596AF41A17EC4F002CD1D7 /* SearchViewController.h */ = {isa = PBXFileReference; fileEncoding = 4; lastKnownFileType = sourcecode.c.h; path = SearchViewController.h; sourceTree = "<group>"; };
		A9596AF51A17EC4F002CD1D7 /* SearchViewController.m */ = {isa = PBXFileReference; fileEncoding = 4; lastKnownFileType = sourcecode.c.objc; path = SearchViewController.m; sourceTree = "<group>"; };
		A9596AF61A17EC4F002CD1D7 /* SearchViewController.xib */ = {isa = PBXFileReference; fileEncoding = 4; lastKnownFileType = file.xib; path = SearchViewController.xib; sourceTree = "<group>"; };
		A9596AF91A17EC99002CD1D7 /* AllAPIViewController.h */ = {isa = PBXFileReference; fileEncoding = 4; lastKnownFileType = sourcecode.c.h; name = AllAPIViewController.h; path = ../AllAPIViewController.h; sourceTree = "<group>"; };
		A9596AFA1A17EC99002CD1D7 /* AllAPIViewController.m */ = {isa = PBXFileReference; fileEncoding = 4; lastKnownFileType = sourcecode.c.objc; name = AllAPIViewController.m; path = ../AllAPIViewController.m; sourceTree = "<group>"; };
		A9596AFB1A17EC99002CD1D7 /* AllAPIViewController.xib */ = {isa = PBXFileReference; fileEncoding = 4; lastKnownFileType = file.xib; name = AllAPIViewController.xib; path = ../AllAPIViewController.xib; sourceTree = "<group>"; };
		BD93346C1A17F038000EA22F /* Google API Boss-Bridging-Header.h */ = {isa = PBXFileReference; lastKnownFileType = sourcecode.c.h; path = "Google API Boss-Bridging-Header.h"; sourceTree = "<group>"; };
		BD9334711A17F189000EA22F /* ViewController.swift */ = {isa = PBXFileReference; fileEncoding = 4; lastKnownFileType = sourcecode.swift; path = ViewController.swift; sourceTree = "<group>"; };
		BD9334721A17F189000EA22F /* ViewController.xib */ = {isa = PBXFileReference; fileEncoding = 4; lastKnownFileType = file.xib; path = ViewController.xib; sourceTree = "<group>"; };
		BD9334751A180046000EA22F /* BaseTableViewController.swift */ = {isa = PBXFileReference; fileEncoding = 4; lastKnownFileType = sourcecode.swift; path = BaseTableViewController.swift; sourceTree = "<group>"; };
		BD9334771A180334000EA22F /* MainTableViewController.swift */ = {isa = PBXFileReference; fileEncoding = 4; lastKnownFileType = sourcecode.swift; path = MainTableViewController.swift; sourceTree = "<group>"; };
		BD9334791A180379000EA22F /* ResultsTableController.swift */ = {isa = PBXFileReference; fileEncoding = 4; lastKnownFileType = sourcecode.swift; path = ResultsTableController.swift; sourceTree = "<group>"; };
		BD93347B1A180723000EA22F /* GoogleAPI.swift */ = {isa = PBXFileReference; fileEncoding = 4; lastKnownFileType = sourcecode.swift; path = GoogleAPI.swift; sourceTree = "<group>"; };
/* End PBXFileReference section */

/* Begin PBXFrameworksBuildPhase section */
		A9596AC31A17E8C9002CD1D7 /* Frameworks */ = {
			isa = PBXFrameworksBuildPhase;
			buildActionMask = 2147483647;
			files = (
			);
			runOnlyForDeploymentPostprocessing = 0;
		};
		A9596ADC1A17E8C9002CD1D7 /* Frameworks */ = {
			isa = PBXFrameworksBuildPhase;
			buildActionMask = 2147483647;
			files = (
			);
			runOnlyForDeploymentPostprocessing = 0;
		};
/* End PBXFrameworksBuildPhase section */

/* Begin PBXGroup section */
		A9596ABD1A17E8C8002CD1D7 = {
			isa = PBXGroup;
			children = (
				A9596AC81A17E8C9002CD1D7 /* Google API Boss */,
				A9596AE21A17E8C9002CD1D7 /* Google API BossTests */,
				A9596AC71A17E8C9002CD1D7 /* Products */,
			);
			sourceTree = "<group>";
		};
		A9596AC71A17E8C9002CD1D7 /* Products */ = {
			isa = PBXGroup;
			children = (
				A9596AC61A17E8C9002CD1D7 /* Google API Boss.app */,
				A9596ADF1A17E8C9002CD1D7 /* Google API BossTests.xctest */,
			);
			name = Products;
			sourceTree = "<group>";
		};
		A9596AC81A17E8C9002CD1D7 /* Google API Boss */ = {
			isa = PBXGroup;
			children = (
				A9596AF91A17EC99002CD1D7 /* AllAPIViewController.h */,
				A9596AFA1A17EC99002CD1D7 /* AllAPIViewController.m */,
				A9596AFB1A17EC99002CD1D7 /* AllAPIViewController.xib */,
				A9596ACD1A17E8C9002CD1D7 /* AppDelegate.h */,
				A9596ACE1A17E8C9002CD1D7 /* AppDelegate.m */,
				BD9334751A180046000EA22F /* BaseTableViewController.swift */,
				BD9334771A180334000EA22F /* MainTableViewController.swift */,
				BD9334791A180379000EA22F /* ResultsTableController.swift */,
				BD93347B1A180723000EA22F /* GoogleAPI.swift */,
				BD9334711A17F189000EA22F /* ViewController.swift */,
				BD9334721A17F189000EA22F /* ViewController.xib */,
				A9596AD31A17E8C9002CD1D7 /* Main.storyboard */,
				A9596AD61A17E8C9002CD1D7 /* Images.xcassets */,
				A9596AD81A17E8C9002CD1D7 /* LaunchScreen.xib */,
				A9596AC91A17E8C9002CD1D7 /* Supporting Files */,
				A9596AEF1A17EC05002CD1D7 /* APIViewController.h */,
				A9596AF01A17EC05002CD1D7 /* APIViewController.m */,
				A9596AF11A17EC05002CD1D7 /* APIViewController.xib */,
				A9596AF41A17EC4F002CD1D7 /* SearchViewController.h */,
				A9596AF51A17EC4F002CD1D7 /* SearchViewController.m */,
				A9596AF61A17EC4F002CD1D7 /* SearchViewController.xib */,
				BD93346C1A17F038000EA22F /* Google API Boss-Bridging-Header.h */,
			);
			path = "Google API Boss";
			sourceTree = "<group>";
		};
		A9596AC91A17E8C9002CD1D7 /* Supporting Files */ = {
			isa = PBXGroup;
			children = (
				A9596ACA1A17E8C9002CD1D7 /* Info.plist */,
				A9596ACB1A17E8C9002CD1D7 /* main.m */,
			);
			name = "Supporting Files";
			sourceTree = "<group>";
		};
		A9596AE21A17E8C9002CD1D7 /* Google API BossTests */ = {
			isa = PBXGroup;
			children = (
				A9596AE51A17E8C9002CD1D7 /* Google_API_BossTests.m */,
				A9596AE31A17E8C9002CD1D7 /* Supporting Files */,
			);
			path = "Google API BossTests";
			sourceTree = "<group>";
		};
		A9596AE31A17E8C9002CD1D7 /* Supporting Files */ = {
			isa = PBXGroup;
			children = (
				A9596AE41A17E8C9002CD1D7 /* Info.plist */,
			);
			name = "Supporting Files";
			sourceTree = "<group>";
		};
/* End PBXGroup section */

/* Begin PBXNativeTarget section */
		A9596AC51A17E8C9002CD1D7 /* Google API Boss */ = {
			isa = PBXNativeTarget;
			buildConfigurationList = A9596AE91A17E8C9002CD1D7 /* Build configuration list for PBXNativeTarget "Google API Boss" */;
			buildPhases = (
				A9596AC21A17E8C9002CD1D7 /* Sources */,
				A9596AC31A17E8C9002CD1D7 /* Frameworks */,
				A9596AC41A17E8C9002CD1D7 /* Resources */,
			);
			buildRules = (
			);
			dependencies = (
			);
			name = "Google API Boss";
			productName = "Google API Boss";
			productReference = A9596AC61A17E8C9002CD1D7 /* Google API Boss.app */;
			productType = "com.apple.product-type.application";
		};
		A9596ADE1A17E8C9002CD1D7 /* Google API BossTests */ = {
			isa = PBXNativeTarget;
			buildConfigurationList = A9596AEC1A17E8C9002CD1D7 /* Build configuration list for PBXNativeTarget "Google API BossTests" */;
			buildPhases = (
				A9596ADB1A17E8C9002CD1D7 /* Sources */,
				A9596ADC1A17E8C9002CD1D7 /* Frameworks */,
				A9596ADD1A17E8C9002CD1D7 /* Resources */,
			);
			buildRules = (
			);
			dependencies = (
				A9596AE11A17E8C9002CD1D7 /* PBXTargetDependency */,
			);
			name = "Google API BossTests";
			productName = "Google API BossTests";
			productReference = A9596ADF1A17E8C9002CD1D7 /* Google API BossTests.xctest */;
			productType = "com.apple.product-type.bundle.unit-test";
		};
/* End PBXNativeTarget section */

/* Begin PBXProject section */
		A9596ABE1A17E8C8002CD1D7 /* Project object */ = {
			isa = PBXProject;
			attributes = {
				LastUpgradeCheck = 0600;
				ORGANIZATIONNAME = Uphouseworks;
				TargetAttributes = {
					A9596AC51A17E8C9002CD1D7 = {
						CreatedOnToolsVersion = 6.0;
					};
					A9596ADE1A17E8C9002CD1D7 = {
						CreatedOnToolsVersion = 6.0;
						TestTargetID = A9596AC51A17E8C9002CD1D7;
					};
				};
			};
			buildConfigurationList = A9596AC11A17E8C8002CD1D7 /* Build configuration list for PBXProject "Google API Boss" */;
			compatibilityVersion = "Xcode 3.2";
			developmentRegion = English;
			hasScannedForEncodings = 0;
			knownRegions = (
				en,
				Base,
			);
			mainGroup = A9596ABD1A17E8C8002CD1D7;
			productRefGroup = A9596AC71A17E8C9002CD1D7 /* Products */;
			projectDirPath = "";
			projectRoot = "";
			targets = (
				A9596AC51A17E8C9002CD1D7 /* Google API Boss */,
				A9596ADE1A17E8C9002CD1D7 /* Google API BossTests */,
			);
		};
/* End PBXProject section */

/* Begin PBXResourcesBuildPhase section */
		A9596AC41A17E8C9002CD1D7 /* Resources */ = {
			isa = PBXResourcesBuildPhase;
			buildActionMask = 2147483647;
			files = (
				BD9334741A17F189000EA22F /* ViewController.xib in Resources */,
				A9596AD51A17E8C9002CD1D7 /* Main.storyboard in Resources */,
				A9596ADA1A17E8C9002CD1D7 /* LaunchScreen.xib in Resources */,
				A9596AD71A17E8C9002CD1D7 /* Images.xcassets in Resources */,
				A9596AF81A17EC4F002CD1D7 /* SearchViewController.xib in Resources */,
				A9596AF31A17EC05002CD1D7 /* APIViewController.xib in Resources */,
				A9596AFD1A17EC99002CD1D7 /* AllAPIViewController.xib in Resources */,
			);
			runOnlyForDeploymentPostprocessing = 0;
		};
		A9596ADD1A17E8C9002CD1D7 /* Resources */ = {
			isa = PBXResourcesBuildPhase;
			buildActionMask = 2147483647;
			files = (
			);
			runOnlyForDeploymentPostprocessing = 0;
		};
/* End PBXResourcesBuildPhase section */

/* Begin PBXSourcesBuildPhase section */
		A9596AC21A17E8C9002CD1D7 /* Sources */ = {
			isa = PBXSourcesBuildPhase;
			buildActionMask = 2147483647;
			files = (
				A9596ACF1A17E8C9002CD1D7 /* AppDelegate.m in Sources */,
				A9596AF71A17EC4F002CD1D7 /* SearchViewController.m in Sources */,
				A9596AFC1A17EC99002CD1D7 /* AllAPIViewController.m in Sources */,
				BD93347C1A180723000EA22F /* GoogleAPI.swift in Sources */,
				BD93347A1A180379000EA22F /* ResultsTableController.swift in Sources */,
				BD9334731A17F189000EA22F /* ViewController.swift in Sources */,
				BD9334781A180334000EA22F /* MainTableViewController.swift in Sources */,
				A9596ACC1A17E8C9002CD1D7 /* main.m in Sources */,
				BD9334761A180046000EA22F /* BaseTableViewController.swift in Sources */,
				A9596AF21A17EC05002CD1D7 /* APIViewController.m in Sources */,
			);
			runOnlyForDeploymentPostprocessing = 0;
		};
		A9596ADB1A17E8C9002CD1D7 /* Sources */ = {
			isa = PBXSourcesBuildPhase;
			buildActionMask = 2147483647;
			files = (
				A9596AE61A17E8C9002CD1D7 /* Google_API_BossTests.m in Sources */,
			);
			runOnlyForDeploymentPostprocessing = 0;
		};
/* End PBXSourcesBuildPhase section */

/* Begin PBXTargetDependency section */
		A9596AE11A17E8C9002CD1D7 /* PBXTargetDependency */ = {
			isa = PBXTargetDependency;
			target = A9596AC51A17E8C9002CD1D7 /* Google API Boss */;
			targetProxy = A9596AE01A17E8C9002CD1D7 /* PBXContainerItemProxy */;
		};
/* End PBXTargetDependency section */

/* Begin PBXVariantGroup section */
		A9596AD31A17E8C9002CD1D7 /* Main.storyboard */ = {
			isa = PBXVariantGroup;
			children = (
				A9596AD41A17E8C9002CD1D7 /* Base */,
			);
			name = Main.storyboard;
			sourceTree = "<group>";
		};
		A9596AD81A17E8C9002CD1D7 /* LaunchScreen.xib */ = {
			isa = PBXVariantGroup;
			children = (
				A9596AD91A17E8C9002CD1D7 /* Base */,
			);
			name = LaunchScreen.xib;
			sourceTree = "<group>";
		};
/* End PBXVariantGroup section */

/* Begin XCBuildConfiguration section */
		A9596AE71A17E8C9002CD1D7 /* Debug */ = {
			isa = XCBuildConfiguration;
			buildSettings = {
				ALWAYS_SEARCH_USER_PATHS = NO;
				CLANG_CXX_LANGUAGE_STANDARD = "gnu++0x";
				CLANG_CXX_LIBRARY = "libc++";
				CLANG_ENABLE_MODULES = YES;
				CLANG_ENABLE_OBJC_ARC = YES;
				CLANG_WARN_BOOL_CONVERSION = YES;
				CLANG_WARN_CONSTANT_CONVERSION = YES;
				CLANG_WARN_DIRECT_OBJC_ISA_USAGE = YES_ERROR;
				CLANG_WARN_EMPTY_BODY = YES;
				CLANG_WARN_ENUM_CONVERSION = YES;
				CLANG_WARN_INT_CONVERSION = YES;
				CLANG_WARN_OBJC_ROOT_CLASS = YES_ERROR;
				CLANG_WARN_UNREACHABLE_CODE = YES;
				CLANG_WARN__DUPLICATE_METHOD_MATCH = YES;
				"CODE_SIGN_IDENTITY[sdk=iphoneos*]" = "iPhone Developer";
				COPY_PHASE_STRIP = NO;
				ENABLE_STRICT_OBJC_MSGSEND = YES;
				GCC_C_LANGUAGE_STANDARD = gnu99;
				GCC_DYNAMIC_NO_PIC = NO;
				GCC_OPTIMIZATION_LEVEL = 0;
				GCC_PREPROCESSOR_DEFINITIONS = (
					"DEBUG=1",
					"$(inherited)",
				);
				GCC_SYMBOLS_PRIVATE_EXTERN = NO;
				GCC_WARN_64_TO_32_BIT_CONVERSION = YES;
				GCC_WARN_ABOUT_RETURN_TYPE = YES_ERROR;
				GCC_WARN_UNDECLARED_SELECTOR = YES;
				GCC_WARN_UNINITIALIZED_AUTOS = YES_AGGRESSIVE;
				GCC_WARN_UNUSED_FUNCTION = YES;
				GCC_WARN_UNUSED_VARIABLE = YES;
				IPHONEOS_DEPLOYMENT_TARGET = 8.0;
				MTL_ENABLE_DEBUG_INFO = YES;
				ONLY_ACTIVE_ARCH = YES;
				SDKROOT = iphoneos;
				TARGETED_DEVICE_FAMILY = "1,2";
			};
			name = Debug;
		};
		A9596AE81A17E8C9002CD1D7 /* Release */ = {
			isa = XCBuildConfiguration;
			buildSettings = {
				ALWAYS_SEARCH_USER_PATHS = NO;
				CLANG_CXX_LANGUAGE_STANDARD = "gnu++0x";
				CLANG_CXX_LIBRARY = "libc++";
				CLANG_ENABLE_MODULES = YES;
				CLANG_ENABLE_OBJC_ARC = YES;
				CLANG_WARN_BOOL_CONVERSION = YES;
				CLANG_WARN_CONSTANT_CONVERSION = YES;
				CLANG_WARN_DIRECT_OBJC_ISA_USAGE = YES_ERROR;
				CLANG_WARN_EMPTY_BODY = YES;
				CLANG_WARN_ENUM_CONVERSION = YES;
				CLANG_WARN_INT_CONVERSION = YES;
				CLANG_WARN_OBJC_ROOT_CLASS = YES_ERROR;
				CLANG_WARN_UNREACHABLE_CODE = YES;
				CLANG_WARN__DUPLICATE_METHOD_MATCH = YES;
				"CODE_SIGN_IDENTITY[sdk=iphoneos*]" = "iPhone Developer";
				COPY_PHASE_STRIP = YES;
				ENABLE_NS_ASSERTIONS = NO;
				ENABLE_STRICT_OBJC_MSGSEND = YES;
				GCC_C_LANGUAGE_STANDARD = gnu99;
				GCC_WARN_64_TO_32_BIT_CONVERSION = YES;
				GCC_WARN_ABOUT_RETURN_TYPE = YES_ERROR;
				GCC_WARN_UNDECLARED_SELECTOR = YES;
				GCC_WARN_UNINITIALIZED_AUTOS = YES_AGGRESSIVE;
				GCC_WARN_UNUSED_FUNCTION = YES;
				GCC_WARN_UNUSED_VARIABLE = YES;
				IPHONEOS_DEPLOYMENT_TARGET = 8.0;
				MTL_ENABLE_DEBUG_INFO = NO;
				SDKROOT = iphoneos;
				TARGETED_DEVICE_FAMILY = "1,2";
				VALIDATE_PRODUCT = YES;
			};
			name = Release;
		};
		A9596AEA1A17E8C9002CD1D7 /* Debug */ = {
			isa = XCBuildConfiguration;
			buildSettings = {
				ASSETCATALOG_COMPILER_APPICON_NAME = AppIcon;
				CLANG_ENABLE_MODULES = YES;
				INFOPLIST_FILE = "Google API Boss/Info.plist";
				LD_RUNPATH_SEARCH_PATHS = "$(inherited) @executable_path/Frameworks";
				PRODUCT_NAME = "$(TARGET_NAME)";
				SWIFT_OBJC_BRIDGING_HEADER = "Google API Boss/Google API Boss-Bridging-Header.h";
				SWIFT_OPTIMIZATION_LEVEL = "-Onone";
			};
			name = Debug;
		};
		A9596AEB1A17E8C9002CD1D7 /* Release */ = {
			isa = XCBuildConfiguration;
			buildSettings = {
				ASSETCATALOG_COMPILER_APPICON_NAME = AppIcon;
				CLANG_ENABLE_MODULES = YES;
				INFOPLIST_FILE = "Google API Boss/Info.plist";
				LD_RUNPATH_SEARCH_PATHS = "$(inherited) @executable_path/Frameworks";
				PRODUCT_NAME = "$(TARGET_NAME)";
				SWIFT_OBJC_BRIDGING_HEADER = "Google API Boss/Google API Boss-Bridging-Header.h";
			};
			name = Release;
		};
		A9596AED1A17E8C9002CD1D7 /* Debug */ = {
			isa = XCBuildConfiguration;
			buildSettings = {
				BUNDLE_LOADER = "$(TEST_HOST)";
				FRAMEWORK_SEARCH_PATHS = (
					"$(SDKROOT)/Developer/Library/Frameworks",
					"$(inherited)",
				);
				GCC_PREPROCESSOR_DEFINITIONS = (
					"DEBUG=1",
					"$(inherited)",
				);
				INFOPLIST_FILE = "Google API BossTests/Info.plist";
				LD_RUNPATH_SEARCH_PATHS = "$(inherited) @executable_path/Frameworks @loader_path/Frameworks";
				PRODUCT_NAME = "$(TARGET_NAME)";
				TEST_HOST = "$(BUILT_PRODUCTS_DIR)/Google API Boss.app/Google API Boss";
			};
			name = Debug;
		};
		A9596AEE1A17E8C9002CD1D7 /* Release */ = {
			isa = XCBuildConfiguration;
			buildSettings = {
				BUNDLE_LOADER = "$(TEST_HOST)";
				FRAMEWORK_SEARCH_PATHS = (
					"$(SDKROOT)/Developer/Library/Frameworks",
					"$(inherited)",
				);
				INFOPLIST_FILE = "Google API BossTests/Info.plist";
				LD_RUNPATH_SEARCH_PATHS = "$(inherited) @executable_path/Frameworks @loader_path/Frameworks";
				PRODUCT_NAME = "$(TARGET_NAME)";
				TEST_HOST = "$(BUILT_PRODUCTS_DIR)/Google API Boss.app/Google API Boss";
			};
			name = Release;
		};
/* End XCBuildConfiguration section */

/* Begin XCConfigurationList section */
		A9596AC11A17E8C8002CD1D7 /* Build configuration list for PBXProject "Google API Boss" */ = {
			isa = XCConfigurationList;
			buildConfigurations = (
				A9596AE71A17E8C9002CD1D7 /* Debug */,
				A9596AE81A17E8C9002CD1D7 /* Release */,
			);
			defaultConfigurationIsVisible = 0;
			defaultConfigurationName = Release;
		};
		A9596AE91A17E8C9002CD1D7 /* Build configuration list for PBXNativeTarget "Google API Boss" */ = {
			isa = XCConfigurationList;
			buildConfigurations = (
				A9596AEA1A17E8C9002CD1D7 /* Debug */,
				A9596AEB1A17E8C9002CD1D7 /* Release */,
			);
			defaultConfigurationIsVisible = 0;
			defaultConfigurationName = Release;
		};
		A9596AEC1A17E8C9002CD1D7 /* Build configuration list for PBXNativeTarget "Google API BossTests" */ = {
			isa = XCConfigurationList;
			buildConfigurations = (
				A9596AED1A17E8C9002CD1D7 /* Debug */,
				A9596AEE1A17E8C9002CD1D7 /* Release */,
			);
			defaultConfigurationIsVisible = 0;
			defaultConfigurationName = Release;
		};
/* End XCConfigurationList section */
	};
	rootObject = A9596ABE1A17E8C8002CD1D7 /* Project object */;
}
